{
  "nodes": {
    "haedosa": {
      "inputs": {
        "home-manager": "home-manager",
        "home-manager-22-11": "home-manager-22-11",
        "home-manager-23-05": "home-manager-23-05",
        "home-manager-stable": "home-manager-stable",
        "home-manager-unstable": "home-manager-unstable",
        "nixpkgs": "nixpkgs",
        "nixpkgs-22-11": "nixpkgs-22-11",
        "nixpkgs-23-05": "nixpkgs-23-05",
        "nixpkgs-stable": "nixpkgs-stable",
        "nixpkgs-unstable": "nixpkgs-unstable"
      },
      "locked": {
        "lastModified": 1693228071,
        "narHash": "sha256-vtkDRxk7BG58w7JLE5dsE6qDQMARCaVIE5+7E1DMUSI=",
        "owner": "haedosa",
        "repo": "flakes",
        "rev": "58c18b4d008cbaabe4e2b69ec31bd0db7fe655e8",
        "type": "github"
      },
      "original": {
        "owner": "haedosa",
        "repo": "flakes",
        "type": "github"
      }
    },
    "home-manager": {
      "inputs": {
        "nixpkgs": [
          "haedosa",
          "nixpkgs-23-05"
        ]
      },
      "locked": {
        "lastModified": 1693208669,
        "narHash": "sha256-hHFaaUsZ860wvppPeiu7nJn/nXZjJfnqAQEu9SPFE9I=",
        "owner": "nix-community",
        "repo": "home-manager",
        "rev": "5bac4a1c06cd77cf8fc35a658ccb035a6c50cd2c",
        "type": "github"
      },
      "original": {
        "owner": "nix-community",
        "ref": "release-23.05",
        "repo": "home-manager",
        "type": "github"
      }
    },
    "home-manager-22-11": {
      "inputs": {
        "nixpkgs": [
          "haedosa",
          "nixpkgs-22-11"
        ],
        "utils": "utils"
      },
      "locked": {
        "lastModified": 1685325875,
        "narHash": "sha256-tevlLIMPeVNNYPd9UgjHApAUoFAnw9iohqUyj+LPp88=",
        "owner": "nix-community",
        "repo": "home-manager",
        "rev": "b372d7f8d5518aaba8a4058a453957460481afbc",
        "type": "github"
      },
      "original": {
        "owner": "nix-community",
        "ref": "release-22.11",
        "repo": "home-manager",
        "type": "github"
      }
    },
    "home-manager-23-05": {
      "inputs": {
        "nixpkgs": [
          "haedosa",
          "nixpkgs-23-05"
        ]
      },
      "locked": {
        "lastModified": 1693208669,
        "narHash": "sha256-hHFaaUsZ860wvppPeiu7nJn/nXZjJfnqAQEu9SPFE9I=",
        "owner": "nix-community",
        "repo": "home-manager",
        "rev": "5bac4a1c06cd77cf8fc35a658ccb035a6c50cd2c",
        "type": "github"
      },
      "original": {
        "owner": "nix-community",
        "ref": "release-23.05",
        "repo": "home-manager",
        "type": "github"
      }
    },
    "home-manager-stable": {
      "inputs": {
        "nixpkgs": [
          "haedosa",
          "nixpkgs-23-05"
        ]
      },
      "locked": {
        "lastModified": 1693208669,
        "narHash": "sha256-hHFaaUsZ860wvppPeiu7nJn/nXZjJfnqAQEu9SPFE9I=",
        "owner": "nix-community",
        "repo": "home-manager",
        "rev": "5bac4a1c06cd77cf8fc35a658ccb035a6c50cd2c",
        "type": "github"
      },
      "original": {
        "owner": "nix-community",
        "ref": "release-23.05",
        "repo": "home-manager",
        "type": "github"
      }
    },
    "home-manager-unstable": {
      "inputs": {
        "nixpkgs": [
          "haedosa",
          "nixpkgs-unstable"
        ]
      },
      "locked": {
        "lastModified": 1693187908,
        "narHash": "sha256-cTcNpsqi1llmUFl9bmCdD0mTyfjhBrNFPhu2W12WXzA=",
        "owner": "nix-community",
        "repo": "home-manager",
        "rev": "8bde7a651b94ba30bd0baaa9c4a08aae88cc2e92",
        "type": "github"
      },
      "original": {
        "owner": "nix-community",
        "repo": "home-manager",
        "type": "github"
      }
    },
    "inline-c": {
      "flake": false,
      "locked": {
        "lastModified": 1666685398,
        "narHash": "sha256-IXtwfTI9jzuHsOdvwNTTzeKjBnMZI9t1s8BBDu7QJEI=",
        "owner": "fpco",
        "repo": "inline-c",
        "rev": "2d0fe9b2f0aa0e1aefc7bfed95a501e59486afb0",
        "type": "github"
      },
      "original": {
        "owner": "fpco",
        "repo": "inline-c",
        "rev": "2d0fe9b2f0aa0e1aefc7bfed95a501e59486afb0",
        "type": "github"
      }
    },
    "nixpkgs": {
      "locked": {
        "lastModified": 1693183237,
        "narHash": "sha256-c7OtyBkZ/vZE/WosBpRGRtkbWZjDHGJP7fg1FyB9Dsc=",
        "owner": "nixos",
        "repo": "nixpkgs",
        "rev": "ea5234e7073d5f44728c499192544a84244bf35a",
        "type": "github"
      },
      "original": {
        "owner": "nixos",
        "ref": "nixos-23.05",
        "repo": "nixpkgs",
        "type": "github"
      }
    },
    "nixpkgs-22-11": {
      "locked": {
        "lastModified": 1688392541,
        "narHash": "sha256-lHrKvEkCPTUO+7tPfjIcb7Trk6k31rz18vkyqmkeJfY=",
        "owner": "nixos",
        "repo": "nixpkgs",
        "rev": "ea4c80b39be4c09702b0cb3b42eab59e2ba4f24b",
        "type": "github"
      },
      "original": {
        "owner": "nixos",
        "ref": "nixos-22.11",
        "repo": "nixpkgs",
        "type": "github"
      }
    },
    "nixpkgs-23-05": {
      "locked": {
        "lastModified": 1693183237,
        "narHash": "sha256-c7OtyBkZ/vZE/WosBpRGRtkbWZjDHGJP7fg1FyB9Dsc=",
        "owner": "nixos",
        "repo": "nixpkgs",
        "rev": "ea5234e7073d5f44728c499192544a84244bf35a",
        "type": "github"
      },
      "original": {
        "owner": "nixos",
        "ref": "nixos-23.05",
        "repo": "nixpkgs",
        "type": "github"
      }
    },
    "nixpkgs-stable": {
      "locked": {
        "lastModified": 1693183237,
        "narHash": "sha256-c7OtyBkZ/vZE/WosBpRGRtkbWZjDHGJP7fg1FyB9Dsc=",
        "owner": "nixos",
        "repo": "nixpkgs",
        "rev": "ea5234e7073d5f44728c499192544a84244bf35a",
        "type": "github"
      },
      "original": {
        "owner": "nixos",
        "ref": "nixos-23.05",
        "repo": "nixpkgs",
        "type": "github"
      }
    },
    "nixpkgs-unstable": {
      "locked": {
        "lastModified": 1693099187,
        "narHash": "sha256-FXCc6OIghv9k4xYOhSMZI6bj7o56S8BJKzKtTKzdUVQ=",
        "owner": "nixos",
        "repo": "nixpkgs",
        "rev": "cf2004afe4d4b95a295c63c911e949e40915eedb",
        "type": "github"
      },
      "original": {
        "owner": "nixos",
        "ref": "nixos-unstable",
        "repo": "nixpkgs",
        "type": "github"
      }
    },
    "root": {
      "inputs": {
        "haedosa": "haedosa",
        "inline-c": "inline-c",
        "nixpkgs": [
          "haedosa",
          "nixpkgs-23-05"
        ],
        "tokenizers": "tokenizers",
        "type-errors-pretty": "type-errors-pretty",
        "typelevel-rewrite-rules": "typelevel-rewrite-rules"
      }
    },
    "tokenizers": {
      "flake": false,
      "locked": {
        "lastModified": 1621450526,
        "narHash": "sha256-U1wB3Oc7Ec09Y7eu2BMl8ktN8noGMR/782UbGdpM1Q4=",
        "owner": "hasktorch",
        "repo": "tokenizers",
        "rev": "9d25f0ba303193e97f8b22b9c93cbc84725886c3",
        "type": "github"
      },
      "original": {
        "owner": "hasktorch",
        "repo": "tokenizers",
        "rev": "9d25f0ba303193e97f8b22b9c93cbc84725886c3",
        "type": "github"
      }
    },
    "type-errors-pretty": {
      "flake": false,
      "locked": {
        "lastModified": 1652669569,
        "narHash": "sha256-5jXeeZ7LcRiIVgwZSrz+L/EGH7L9dH+5986td9QbvGk=",
        "owner": "hasktorch",
        "repo": "type-errors-pretty",
        "rev": "32d7abec6a21c42a5f960d7f4133d604e8be79ec",
        "type": "github"
      },
      "original": {
        "owner": "hasktorch",
        "repo": "type-errors-pretty",
        "rev": "32d7abec6a21c42a5f960d7f4133d604e8be79ec",
        "type": "github"
      }
    },
    "typelevel-rewrite-rules": {
      "flake": false,
      "locked": {
        "lastModified": 1692759702,
        "narHash": "sha256-gIRfju/Px+WjEw0FVfgMCjecs8kaUtum7lAwmD022lk=",
        "owner": "hasktorch",
        "repo": "typelevel-rewrite-rules",
        "rev": "17109219562cb679ee8fe0506f71863add4f23af",
        "type": "github"
      },
      "original": {
        "owner": "hasktorch",
        "repo": "typelevel-rewrite-rules",
        "rev": "17109219562cb679ee8fe0506f71863add4f23af",
        "type": "github"
      }
    },
    "utils": {
      "locked": {
        "lastModified": 1667395993,
        "narHash": "sha256-nuEHfE/LcWyuSWnS8t12N1wc105Qtau+/OdUAjtQ0rA=",
        "owner": "numtide",
        "repo": "flake-utils",
        "rev": "5aed5285a952e0b949eb3ba02c12fa4fcfef535f",
        "type": "github"
      },
      "original": {
        "owner": "numtide",
        "repo": "flake-utils",
        "type": "github"
      }
    }
  },
  "root": "root",
  "version": 7
}
